
Microsoft Visual Studio Solution File, Format Version 12.00
# Visual Studio Version 17
VisualStudioVersion = 17.8.34322.80
MinimumVisualStudioVersion = 10.0.40219.1
Project("{FAE04EC0-301F-11D3-BF4B-00C04F79EFBC}") = "WpfApp1", "WpfApp1\WpfApp1.csproj", "{95383847-9D4B-4428-A1E7-E7F87BDEA91E}"
EndProject
Global
	GlobalSection(SolutionConfigurationPlatforms) = preSolution
		Debug|Any CPU = Debug|Any CPU
		Release|Any CPU = Release|Any CPU
	EndGlobalSection
	GlobalSection(ProjectConfigurationPlatforms) = postSolution
		{95383847-9D4B-4428-A1E7-E7F87BDEA91E}.Debug|Any CPU.ActiveCfg = Debug|Any CPU
		{95383847-9D4B-4428-A1E7-E7F87BDEA91E}.Debug|Any CPU.Build.0 = Debug|Any CPU
		{95383847-9D4B-4428-A1E7-E7F87BDEA91E}.Release|Any CPU.ActiveCfg = Release|Any CPU
		{95383847-9D4B-4428-A1E7-E7F87BDEA91E}.Release|Any CPU.Build.0 = Release|Any CPU
	EndGlobalSection
	GlobalSection(SolutionProperties) = preSolution
		HideSolutionNode = FALSE
	EndGlobalSection
	GlobalSection(ExtensibilityGlobals) = postSolution
		SolutionGuid = {4E2A70AF-363E-40EE-8D5E-DFB12B88FC1B}
	EndGlobalSection
EndGlobal
